PODS:
  - AFNetworking (1.3.4)
  - GenomeAuthenticator (0.0.1):
    - Reachability
    - ReactiveCocoa
  - MagicalRecord/Shorthand (2.2)
  - Masonry (0.5.0)
  - ObjectiveSugar (1.1.0)
  - QuickDialog (1.0):
    - QuickDialog/Core
  - QuickDialog/Core (1.0)
  - Reachability (3.1.1)
  - ReactiveCocoa (2.3):
    - ReactiveCocoa/UI
  - ReactiveCocoa/Core (2.3):
    - ReactiveCocoa/no-arc
  - ReactiveCocoa/no-arc (2.3)
  - ReactiveCocoa/UI (2.3):
    - ReactiveCocoa/Core
  - REFormattedNumberField (1.1.2)
  - RestKit (0.20.3):
    - RestKit/Core
  - RestKit/Core (0.20.3):
    - RestKit/CoreData
    - RestKit/Network
    - RestKit/ObjectMapping
  - RestKit/CoreData (0.20.3)
  - RestKit/Network (0.20.3):
    - AFNetworking (~> 1.3.0)
    - RestKit/ObjectMapping
    - RestKit/Support
    - SOCKit
  - RestKit/ObjectMapping (0.20.3)
  - RestKit/Support (0.20.3):
    - TransitionKit (= 1.1.1)
  - RETableViewManager (1.5.10):
    - REFormattedNumberField (~> 1.1.2)
    - REValidation (~> 0.1.4)
  - REValidation (0.1.4)
  - SOCKit (1.1)
  - TransitionKit (1.1.1)

DEPENDENCIES:
  - GenomeAuthenticator (from `https://github.com/px0/GenomeAuthenticator`)
  - MagicalRecord/Shorthand (~> 2.2)
  - Masonry
  - ObjectiveSugar
  - QuickDialog
  - ReactiveCocoa
  - RestKit (~> 0.20.2)
  - RETableViewManager

EXTERNAL SOURCES:
  GenomeAuthenticator:
    :git: https://github.com/px0/GenomeAuthenticator

SPEC CHECKSUMS:
  AFNetworking: 80c4e0652b08eb34e25b9c0ff3c82556fe5967b4
  GenomeAuthenticator: 589a77f0bd7deb04370a90143dc7b02189661353
  MagicalRecord: 2b471584fc9e3137f3d0a56967917baa4979e224
  Masonry: eb26a0073a2c4b0df533c39fd623fb11d79a1bd9
  ObjectiveSugar: f48793f5902c77cfc02a4ce46d2e8ecddcad4dc2
  QuickDialog: 1f1df7b87d608bcbb3919f4ec809bd7d7ae50101
  Reachability: 8e9635e3cb4f98e7f825e51147f677ecc694d0e7
  ReactiveCocoa: 2066583826c17dde8e90c41e489f682048cc57c9
  REFormattedNumberField: 321bf62160e6dc480844ac99ab6821ef4dd20802
  RestKit: 7f9490e709ee745e166c4d2aa7a8d132831275b0
  RETableViewManager: 534104717ea10a71b203e80ee0dd3c4c79648be3
  REValidation: a0033a582415848854e875dfcbe69c107de19f81
  SOCKit: d8d0dd3688ae1026c12367570da8fa8e1a6980fb
  TransitionKit: b573f93c422f6aedf7d40e93e7c2f202d1295063

COCOAPODS: 0.33.1
